# THIS IS AN AUTOGENERATED FILE. DO NOT EDIT THIS FILE DIRECTLY.
# yarn lockfile v1


"@sqlite.org/sqlite-wasm@3.53.0-build1":
  version "3.53.0-build1"
  resolved "https://registry.yarnpkg.com/@sqlite.org/sqlite-wasm/-/sqlite-wasm-3.53.0-build1.tgz#066cab9189973c39edbb7078c55bb4daa1cd2d30"
  integrity sha512-PfWPWN2n+/37doa8oh2/oUXk4OOsRYZsxc1W1sDXIGb/Pu5Yrb+f2eyYpgQMGITVX7HVgxhs9P18Rc6I97ym/g==
